// !$*UTF8*$!
{
	archiveVersion = 1;
	classes = {
	};
	objectVersion = 52;
	objects = {

/* Begin PBXBuildFile section */
		427E264E264228B9004AA5AF /* StickyHeaderView.swift in Sources */ = {isa = PBXBuildFile; fileRef = 427E264D264228B9004AA5AF /* StickyHeaderView.swift */; };
		427E265026422DD4004AA5AF /* StickyMenuCollectionViewFlowLayout.swift in Sources */ = {isa = PBXBuildFile; fileRef = 427E264F26422DD4004AA5AF /* StickyMenuCollectionViewFlowLayout.swift */; };
		427E265226422E22004AA5AF /* StickyMenuCollectionViewCell.swift in Sources */ = {isa = PBXBuildFile; fileRef = 427E265126422E22004AA5AF /* StickyMenuCollectionViewCell.swift */; };
		42B0BA9F26403ABC008E7BB8 /* AppDelegate.swift in Sources */ = {isa = PBXBuildFile; fileRef = 42B0BA9E26403ABC008E7BB8 /* AppDelegate.swift */; };
		42B0BAA126403ABC008E7BB8 /* SceneDelegate.swift in Sources */ = {isa = PBXBuildFile; fileRef = 42B0BAA026403ABC008E7BB8 /* SceneDelegate.swift */; };
		42B0BAA326403ABC008E7BB8 /* ViewController.swift in Sources */ = {isa = PBXBuildFile; fileRef = 42B0BAA226403ABC008E7BB8 /* ViewController.swift */; };
		42B0BAA626403ABC008E7BB8 /* Main.storyboard in Resources */ = {isa = PBXBuildFile; fileRef = 42B0BAA426403ABC008E7BB8 /* Main.storyboard */; };
		42B0BAA826403ABE008E7BB8 /* Assets.xcassets in Resources */ = {isa = PBXBuildFile; fileRef = 42B0BAA726403ABE008E7BB8 /* Assets.xcassets */; };
		42B0BAAB26403ABE008E7BB8 /* LaunchScreen.storyboard in Resources */ = {isa = PBXBuildFile; fileRef = 42B0BAA926403ABE008E7BB8 /* LaunchScreen.storyboard */; };
		42B0BAB426403F13008E7BB8 /* SnapKit in Frameworks */ = {isa = PBXBuildFile; productRef = 42B0BAB326403F13008E7BB8 /* SnapKit */; };
		42B0BAB626403F2D008E7BB8 /* PageViewController.swift in Sources */ = {isa = PBXBuildFile; fileRef = 42B0BAB526403F2D008E7BB8 /* PageViewController.swift */; };
		42B0BAB82640410E008E7BB8 /* StickyHeaderChildViewController.swift in Sources */ = {isa = PBXBuildFile; fileRef = 42B0BAB72640410E008E7BB8 /* StickyHeaderChildViewController.swift */; };
		42E047DC2643E69D00EAEBA7 /* StickyHeaderViewController.swift in Sources */ = {isa = PBXBuildFile; fileRef = 42E047DB2643E69D00EAEBA7 /* StickyHeaderViewController.swift */; };
		42E047DE2643E7AF00EAEBA7 /* ChildViewController.swift in Sources */ = {isa = PBXBuildFile; fileRef = 42E047DD2643E7AF00EAEBA7 /* ChildViewController.swift */; };
/* End PBXBuildFile section */

/* Begin PBXFileReference section */
		427E264D264228B9004AA5AF /* StickyHeaderView.swift */ = {isa = PBXFileReference; lastKnownFileType = sourcecode.swift; path = StickyHeaderView.swift; sourceTree = "<group>"; };
		427E264F26422DD4004AA5AF /* StickyMenuCollectionViewFlowLayout.swift */ = {isa = PBXFileReference; lastKnownFileType = sourcecode.swift; path = StickyMenuCollectionViewFlowLayout.swift; sourceTree = "<group>"; };
		427E265126422E22004AA5AF /* StickyMenuCollectionViewCell.swift */ = {isa = PBXFileReference; lastKnownFileType = sourcecode.swift; path = StickyMenuCollectionViewCell.swift; sourceTree = "<group>"; };
		42B0BA9B26403ABC008E7BB8 /* StickyHeader.app */ = {isa = PBXFileReference; explicitFileType = wrapper.application; includeInIndex = 0; path = StickyHeader.app; sourceTree = BUILT_PRODUCTS_DIR; };
		42B0BA9E26403ABC008E7BB8 /* AppDelegate.swift */ = {isa = PBXFileReference; lastKnownFileType = sourcecode.swift; path = AppDelegate.swift; sourceTree = "<group>"; };
		42B0BAA026403ABC008E7BB8 /* SceneDelegate.swift */ = {isa = PBXFileReference; lastKnownFileType = sourcecode.swift; path = SceneDelegate.swift; sourceTree = "<group>"; };
		42B0BAA226403ABC008E7BB8 /* ViewController.swift */ = {isa = PBXFileReference; lastKnownFileType = sourcecode.swift; path = ViewController.swift; sourceTree = "<group>"; };
		42B0BAA526403ABC008E7BB8 /* Base */ = {isa = PBXFileReference; lastKnownFileType = file.storyboard; name = Base; path = Base.lproj/Main.storyboard; sourceTree = "<group>"; };
		42B0BAA726403ABE008E7BB8 /* Assets.xcassets */ = {isa = PBXFileReference; lastKnownFileType = folder.assetcatalog; path = Assets.xcassets; sourceTree = "<group>"; };
		42B0BAAA26403ABE008E7BB8 /* Base */ = {isa = PBXFileReference; lastKnownFileType = file.storyboard; name = Base; path = Base.lproj/LaunchScreen.storyboard; sourceTree = "<group>"; };
		42B0BAAC26403ABE008E7BB8 /* Info.plist */ = {isa = PBXFileReference; lastKnownFileType = text.plist.xml; path = Info.plist; sourceTree = "<group>"; };
		42B0BAB526403F2D008E7BB8 /* PageViewController.swift */ = {isa = PBXFileReference; lastKnownFileType = sourcecode.swift; path = PageViewController.swift; sourceTree = "<group>"; };
		42B0BAB72640410E008E7BB8 /* StickyHeaderChildViewController.swift */ = {isa = PBXFileReference; lastKnownFileType = sourcecode.swift; path = StickyHeaderChildViewController.swift; sourceTree = "<group>"; };
		42E047DB2643E69D00EAEBA7 /* StickyHeaderViewController.swift */ = {isa = PBXFileReference; lastKnownFileType = sourcecode.swift; path = StickyHeaderViewController.swift; sourceTree = "<group>"; };
		42E047DD2643E7AF00EAEBA7 /* ChildViewController.swift */ = {isa = PBXFileReference; lastKnownFileType = sourcecode.swift; path = ChildViewController.swift; sourceTree = "<group>"; };
/* End PBXFileReference section */

/* Begin PBXFrameworksBuildPhase section */
		42B0BA9826403ABC008E7BB8 /* Frameworks */ = {
			isa = PBXFrameworksBuildPhase;
			buildActionMask = 2147483647;
			files = (
				42B0BAB426403F13008E7BB8 /* SnapKit in Frameworks */,
			);
			runOnlyForDeploymentPostprocessing = 0;
		};
/* End PBXFrameworksBuildPhase section */

/* Begin PBXGroup section */
		427E264B264227C3004AA5AF /* PageView */ = {
			isa = PBXGroup;
			children = (
				42B0BAB526403F2D008E7BB8 /* PageViewController.swift */,
				42B0BAB72640410E008E7BB8 /* StickyHeaderChildViewController.swift */,
			);
			path = PageView;
			sourceTree = "<group>";
		};
		427E264C2642289E004AA5AF /* Sticky HeaderView */ = {
			isa = PBXGroup;
			children = (
				427E264D264228B9004AA5AF /* StickyHeaderView.swift */,
				427E264F26422DD4004AA5AF /* StickyMenuCollectionViewFlowLayout.swift */,
				427E265126422E22004AA5AF /* StickyMenuCollectionViewCell.swift */,
			);
			path = "Sticky HeaderView";
			sourceTree = "<group>";
		};
		42B0BA9226403ABC008E7BB8 = {
			isa = PBXGroup;
			children = (
				42B0BA9D26403ABC008E7BB8 /* StickyHeader */,
				42B0BA9C26403ABC008E7BB8 /* Products */,
			);
			sourceTree = "<group>";
		};
		42B0BA9C26403ABC008E7BB8 /* Products */ = {
			isa = PBXGroup;
			children = (
				42B0BA9B26403ABC008E7BB8 /* StickyHeader.app */,
			);
			name = Products;
			sourceTree = "<group>";
		};
		42B0BA9D26403ABC008E7BB8 /* StickyHeader */ = {
			isa = PBXGroup;
			children = (
				42E047DF2644C67700EAEBA7 /* DugongStickyHeader */,
				42B0BA9E26403ABC008E7BB8 /* AppDelegate.swift */,
				42B0BAA026403ABC008E7BB8 /* SceneDelegate.swift */,
				42E047DD2643E7AF00EAEBA7 /* ChildViewController.swift */,
				42B0BAA226403ABC008E7BB8 /* ViewController.swift */,
				42B0BAA426403ABC008E7BB8 /* Main.storyboard */,
				42B0BAA726403ABE008E7BB8 /* Assets.xcassets */,
				42B0BAA926403ABE008E7BB8 /* LaunchScreen.storyboard */,
				42B0BAAC26403ABE008E7BB8 /* Info.plist */,
			);
			path = StickyHeader;
			sourceTree = "<group>";
		};
		42E047DF2644C67700EAEBA7 /* DugongStickyHeader */ = {
			isa = PBXGroup;
			children = (
				427E264C2642289E004AA5AF /* Sticky HeaderView */,
				427E264B264227C3004AA5AF /* PageView */,
				42E047DB2643E69D00EAEBA7 /* StickyHeaderViewController.swift */,
			);
			path = DugongStickyHeader;
			sourceTree = "<group>";
		};
/* End PBXGroup section */

/* Begin PBXNativeTarget section */
		42B0BA9A26403ABC008E7BB8 /* StickyHeader */ = {
			isa = PBXNativeTarget;
			buildConfigurationList = 42B0BAAF26403ABE008E7BB8 /* Build configuration list for PBXNativeTarget "StickyHeader" */;
			buildPhases = (
				42B0BA9726403ABC008E7BB8 /* Sources */,
				42B0BA9826403ABC008E7BB8 /* Frameworks */,
				42B0BA9926403ABC008E7BB8 /* Resources */,
			);
			buildRules = (
			);
			dependencies = (
			);
			name = StickyHeader;
			packageProductDependencies = (
				42B0BAB326403F13008E7BB8 /* SnapKit */,
			);
			productName = StickyHeader;
			productReference = 42B0BA9B26403ABC008E7BB8 /* StickyHeader.app */;
			productType = "com.apple.product-type.application";
		};
/* End PBXNativeTarget section */

/* Begin PBXProject section */
		42B0BA9326403ABC008E7BB8 /* Project object */ = {
			isa = PBXProject;
			attributes = {
				LastSwiftUpdateCheck = 1250;
				LastUpgradeCheck = 1250;
				TargetAttributes = {
					42B0BA9A26403ABC008E7BB8 = {
						CreatedOnToolsVersion = 12.5;
					};
				};
			};
			buildConfigurationList = 42B0BA9626403ABC008E7BB8 /* Build configuration list for PBXProject "StickyHeader" */;
			compatibilityVersion = "Xcode 9.3";
			developmentRegion = en;
			hasScannedForEncodings = 0;
			knownRegions = (
				en,
				Base,
			);
			mainGroup = 42B0BA9226403ABC008E7BB8;
			packageReferences = (
				42B0BAB226403F13008E7BB8 /* XCRemoteSwiftPackageReference "SnapKit" */,
			);
			productRefGroup = 42B0BA9C26403ABC008E7BB8 /* Products */;
			projectDirPath = "";
			projectRoot = "";
			targets = (
				42B0BA9A26403ABC008E7BB8 /* StickyHeader */,
			);
		};
/* End PBXProject section */

/* Begin PBXResourcesBuildPhase section */
		42B0BA9926403ABC008E7BB8 /* Resources */ = {
			isa = PBXResourcesBuildPhase;
			buildActionMask = 2147483647;
			files = (
				42B0BAAB26403ABE008E7BB8 /* LaunchScreen.storyboard in Resources */,
				42B0BAA826403ABE008E7BB8 /* Assets.xcassets in Resources */,
				42B0BAA626403ABC008E7BB8 /* Main.storyboard in Resources */,
			);
			runOnlyForDeploymentPostprocessing = 0;
		};
/* End PBXResourcesBuildPhase section */

/* Begin PBXSourcesBuildPhase section */
		42B0BA9726403ABC008E7BB8 /* Sources */ = {
			isa = PBXSourcesBuildPhase;
			buildActionMask = 2147483647;
			files = (
				427E265226422E22004AA5AF /* StickyMenuCollectionViewCell.swift in Sources */,
				42E047DE2643E7AF00EAEBA7 /* ChildViewController.swift in Sources */,
				42B0BAA326403ABC008E7BB8 /* ViewController.swift in Sources */,
				427E264E264228B9004AA5AF /* StickyHeaderView.swift in Sources */,
				42B0BAB82640410E008E7BB8 /* StickyHeaderChildViewController.swift in Sources */,
				42B0BA9F26403ABC008E7BB8 /* AppDelegate.swift in Sources */,
				42B0BAA126403ABC008E7BB8 /* SceneDelegate.swift in Sources */,
				42B0BAB626403F2D008E7BB8 /* PageViewController.swift in Sources */,
				42E047DC2643E69D00EAEBA7 /* StickyHeaderViewController.swift in Sources */,
				427E265026422DD4004AA5AF /* StickyMenuCollectionViewFlowLayout.swift in Sources */,
			);
			runOnlyForDeploymentPostprocessing = 0;
		};
/* End PBXSourcesBuildPhase section */

/* Begin PBXVariantGroup section */
		42B0BAA426403ABC008E7BB8 /* Main.storyboard */ = {
			isa = PBXVariantGroup;
			children = (
				42B0BAA526403ABC008E7BB8 /* Base */,
			);
			name = Main.storyboard;
			sourceTree = "<group>";
		};
		42B0BAA926403ABE008E7BB8 /* LaunchScreen.storyboard */ = {
			isa = PBXVariantGroup;
			children = (
				42B0BAAA26403ABE008E7BB8 /* Base */,
			);
			name = LaunchScreen.storyboard;
			sourceTree = "<group>";
		};
/* End PBXVariantGroup section */

/* Begin XCBuildConfiguration section */
		42B0BAAD26403ABE008E7BB8 /* Debug */ = {
			isa = XCBuildConfiguration;
			buildSettings = {
				ALWAYS_SEARCH_USER_PATHS = NO;
				CLANG_ANALYZER_NONNULL = YES;
				CLANG_ANALYZER_NUMBER_OBJECT_CONVERSION = YES_AGGRESSIVE;
				CLANG_CXX_LANGUAGE_STANDARD = "gnu++14";
				CLANG_CXX_LIBRARY = "libc++";
				CLANG_ENABLE_MODULES = YES;
				CLANG_ENABLE_OBJC_ARC = YES;
				CLANG_ENABLE_OBJC_WEAK = YES;
				CLANG_WARN_BLOCK_CAPTURE_AUTORELEASING = YES;
				CLANG_WARN_BOOL_CONVERSION = YES;
				CLANG_WARN_COMMA = YES;
				CLANG_WARN_CONSTANT_CONVERSION = YES;
				CLANG_WARN_DEPRECATED_OBJC_IMPLEMENTATIONS = YES;
				CLANG_WARN_DIRECT_OBJC_ISA_USAGE = YES_ERROR;
				CLANG_WARN_DOCUMENTATION_COMMENTS = YES;
				CLANG_WARN_EMPTY_BODY = YES;
				CLANG_WARN_ENUM_CONVERSION = YES;
				CLANG_WARN_INFINITE_RECURSION = YES;
				CLANG_WARN_INT_CONVERSION = YES;
				CLANG_WARN_NON_LITERAL_NULL_CONVERSION = YES;
				CLANG_WARN_OBJC_IMPLICIT_RETAIN_SELF = YES;
				CLANG_WARN_OBJC_LITERAL_CONVERSION = YES;
				CLANG_WARN_OBJC_ROOT_CLASS = YES_ERROR;
				CLANG_WARN_QUOTED_INCLUDE_IN_FRAMEWORK_HEADER = YES;
				CLANG_WARN_RANGE_LOOP_ANALYSIS = YES;
				CLANG_WARN_STRICT_PROTOTYPES = YES;
				CLANG_WARN_SUSPICIOUS_MOVE = YES;
				CLANG_WARN_UNGUARDED_AVAILABILITY = YES_AGGRESSIVE;
				CLANG_WARN_UNREACHABLE_CODE = YES;
				CLANG_WARN__DUPLICATE_METHOD_MATCH = YES;
				COPY_PHASE_STRIP = NO;
				DEBUG_INFORMATION_FORMAT = dwarf;
				ENABLE_STRICT_OBJC_MSGSEND = YES;
				ENABLE_TESTABILITY = YES;
				GCC_C_LANGUAGE_STANDARD = gnu11;
				GCC_DYNAMIC_NO_PIC = NO;
				GCC_NO_COMMON_BLOCKS = YES;
				GCC_OPTIMIZATION_LEVEL = 0;
				GCC_PREPROCESSOR_DEFINITIONS = (
					"DEBUG=1",
					"$(inherited)",
				);
				GCC_WARN_64_TO_32_BIT_CONVERSION = YES;
				GCC_WARN_ABOUT_RETURN_TYPE = YES_ERROR;
				GCC_WARN_UNDECLARED_SELECTOR = YES;
				GCC_WARN_UNINITIALIZED_AUTOS = YES_AGGRESSIVE;
				GCC_WARN_UNUSED_FUNCTION = YES;
				GCC_WARN_UNUSED_VARIABLE = YES;
				IPHONEOS_DEPLOYMENT_TARGET = 14.5;
				MTL_ENABLE_DEBUG_INFO = INCLUDE_SOURCE;
				MTL_FAST_MATH = YES;
				ONLY_ACTIVE_ARCH = YES;
				SDKROOT = iphoneos;
				SWIFT_ACTIVE_COMPILATION_CONDITIONS = DEBUG;
				SWIFT_OPTIMIZATION_LEVEL = "-Onone";
			};
			name = Debug;
		};
		42B0BAAE26403ABE008E7BB8 /* Release */ = {
			isa = XCBuildConfiguration;
			buildSettings = {
				ALWAYS_SEARCH_USER_PATHS = NO;
				CLANG_ANALYZER_NONNULL = YES;
				CLANG_ANALYZER_NUMBER_OBJECT_CONVERSION = YES_AGGRESSIVE;
				CLANG_CXX_LANGUAGE_STANDARD = "gnu++14";
				CLANG_CXX_LIBRARY = "libc++";
				CLANG_ENABLE_MODULES = YES;
				CLANG_ENABLE_OBJC_ARC = YES;
				CLANG_ENABLE_OBJC_WEAK = YES;
				CLANG_WARN_BLOCK_CAPTURE_AUTORELEASING = YES;
				CLANG_WARN_BOOL_CONVERSION = YES;
				CLANG_WARN_COMMA = YES;
				CLANG_WARN_CONSTANT_CONVERSION = YES;
				CLANG_WARN_DEPRECATED_OBJC_IMPLEMENTATIONS = YES;
				CLANG_WARN_DIRECT_OBJC_ISA_USAGE = YES_ERROR;
				CLANG_WARN_DOCUMENTATION_COMMENTS = YES;
				CLANG_WARN_EMPTY_BODY = YES;
				CLANG_WARN_ENUM_CONVERSION = YES;
				CLANG_WARN_INFINITE_RECURSION = YES;
				CLANG_WARN_INT_CONVERSION = YES;
				CLANG_WARN_NON_LITERAL_NULL_CONVERSION = YES;
				CLANG_WARN_OBJC_IMPLICIT_RETAIN_SELF = YES;
				CLANG_WARN_OBJC_LITERAL_CONVERSION = YES;
				CLANG_WARN_OBJC_ROOT_CLASS = YES_ERROR;
				CLANG_WARN_QUOTED_INCLUDE_IN_FRAMEWORK_HEADER = YES;
				CLANG_WARN_RANGE_LOOP_ANALYSIS = YES;
				CLANG_WARN_STRICT_PROTOTYPES = YES;
				CLANG_WARN_SUSPICIOUS_MOVE = YES;
				CLANG_WARN_UNGUARDED_AVAILABILITY = YES_AGGRESSIVE;
				CLANG_WARN_UNREACHABLE_CODE = YES;
				CLANG_WARN__DUPLICATE_METHOD_MATCH = YES;
				COPY_PHASE_STRIP = NO;
				DEBUG_INFORMATION_FORMAT = "dwarf-with-dsym";
				ENABLE_NS_ASSERTIONS = NO;
				ENABLE_STRICT_OBJC_MSGSEND = YES;
				GCC_C_LANGUAGE_STANDARD = gnu11;
				GCC_NO_COMMON_BLOCKS = YES;
				GCC_WARN_64_TO_32_BIT_CONVERSION = YES;
				GCC_WARN_ABOUT_RETURN_TYPE = YES_ERROR;
				GCC_WARN_UNDECLARED_SELECTOR = YES;
				GCC_WARN_UNINITIALIZED_AUTOS = YES_AGGRESSIVE;
				GCC_WARN_UNUSED_FUNCTION = YES;
				GCC_WARN_UNUSED_VARIABLE = YES;
				IPHONEOS_DEPLOYMENT_TARGET = 14.5;
				MTL_ENABLE_DEBUG_INFO = NO;
				MTL_FAST_MATH = YES;
				SDKROOT = iphoneos;
				SWIFT_COMPILATION_MODE = wholemodule;
				SWIFT_OPTIMIZATION_LEVEL = "-O";
				VALIDATE_PRODUCT = YES;
			};
			name = Release;
		};
		42B0BAB026403ABE008E7BB8 /* Debug */ = {
			isa = XCBuildConfiguration;
			buildSettings = {
				ASSETCATALOG_COMPILER_APPICON_NAME = AppIcon;
				ASSETCATALOG_COMPILER_GLOBAL_ACCENT_COLOR_NAME = AccentColor;
				CODE_SIGN_STYLE = Automatic;
				DEVELOPMENT_TEAM = XNB68CC222;
				INFOPLIST_FILE = StickyHeader/Info.plist;
				LD_RUNPATH_SEARCH_PATHS = (
					"$(inherited)",
					"@executable_path/Frameworks",
				);
				PRODUCT_BUNDLE_IDENTIFIER = com.siparoma.StickyHeader;
				PRODUCT_NAME = "$(TARGET_NAME)";
				SWIFT_VERSION = 5.0;
				TARGETED_DEVICE_FAMILY = "1,2";
			};
			name = Debug;
		};
		42B0BAB126403ABE008E7BB8 /* Release */ = {
			isa = XCBuildConfiguration;
			buildSettings = {
				ASSETCATALOG_COMPILER_APPICON_NAME = AppIcon;
				ASSETCATALOG_COMPILER_GLOBAL_ACCENT_COLOR_NAME = AccentColor;
				CODE_SIGN_STYLE = Automatic;
				DEVELOPMENT_TEAM = XNB68CC222;
				INFOPLIST_FILE = StickyHeader/Info.plist;
				LD_RUNPATH_SEARCH_PATHS = (
					"$(inherited)",
					"@executable_path/Frameworks",
				);
				PRODUCT_BUNDLE_IDENTIFIER = com.siparoma.StickyHeader;
				PRODUCT_NAME = "$(TARGET_NAME)";
				SWIFT_VERSION = 5.0;
				TARGETED_DEVICE_FAMILY = "1,2";
			};
			name = Release;
		};
/* End XCBuildConfiguration section */

/* Begin XCConfigurationList section */
		42B0BA9626403ABC008E7BB8 /* Build configuration list for PBXProject "StickyHeader" */ = {
			isa = XCConfigurationList;
			buildConfigurations = (
				42B0BAAD26403ABE008E7BB8 /* Debug */,
				42B0BAAE26403ABE008E7BB8 /* Release */,
			);
			defaultConfigurationIsVisible = 0;
			defaultConfigurationName = Release;
		};
		42B0BAAF26403ABE008E7BB8 /* Build configuration list for PBXNativeTarget "StickyHeader" */ = {
			isa = XCConfigurationList;
			buildConfigurations = (
				42B0BAB026403ABE008E7BB8 /* Debug */,
				42B0BAB126403ABE008E7BB8 /* Release */,
			);
			defaultConfigurationIsVisible = 0;
			defaultConfigurationName = Release;
		};
/* End XCConfigurationList section */

/* Begin XCRemoteSwiftPackageReference section */
		42B0BAB226403F13008E7BB8 /* XCRemoteSwiftPackageReference "SnapKit" */ = {
			isa = XCRemoteSwiftPackageReference;
			repositoryURL = "https://github.com/SnapKit/SnapKit.git";
			requirement = {
				kind = upToNextMajorVersion;
				minimumVersion = 5.0.1;
			};
		};
/* End XCRemoteSwiftPackageReference section */

/* Begin XCSwiftPackageProductDependency section */
		42B0BAB326403F13008E7BB8 /* SnapKit */ = {
			isa = XCSwiftPackageProductDependency;
			package = 42B0BAB226403F13008E7BB8 /* XCRemoteSwiftPackageReference "SnapKit" */;
			productName = SnapKit;
		};
/* End XCSwiftPackageProductDependency section */
	};
	rootObject = 42B0BA9326403ABC008E7BB8 /* Project object */;
}
